// !$*UTF8*$!
{
	archiveVersion = 1;
	classes = {
	};
	objectVersion = 56;
	objects = {

/* Begin PBXBuildFile section */
		1A22E1752A1B6FA40068EE92 /* AppDelegate.swift in Sources */ = {isa = PBXBuildFile; fileRef = 1A22E1742A1B6FA40068EE92 /* AppDelegate.swift */; };
		1A22E1772A1B6FA40068EE92 /* SceneDelegate.swift in Sources */ = {isa = PBXBuildFile; fileRef = 1A22E1762A1B6FA40068EE92 /* SceneDelegate.swift */; };
		1A22E17C2A1B6FA40068EE92 /* Main.storyboard in Resources */ = {isa = PBXBuildFile; fileRef = 1A22E17A2A1B6FA40068EE92 /* Main.storyboard */; };
		1A22E17E2A1B6FA50068EE92 /* Assets.xcassets in Resources */ = {isa = PBXBuildFile; fileRef = 1A22E17D2A1B6FA50068EE92 /* Assets.xcassets */; };
		1A22E1812A1B6FA50068EE92 /* LaunchScreen.storyboard in Resources */ = {isa = PBXBuildFile; fileRef = 1A22E17F2A1B6FA50068EE92 /* LaunchScreen.storyboard */; };
		1A9346E92A1C98E400FE0F2B /* OnboardingViewController.swift in Sources */ = {isa = PBXBuildFile; fileRef = 1A9346E82A1C98E400FE0F2B /* OnboardingViewController.swift */; };
		1A9346EE2A1C9C2600FE0F2B /* UIView+Extension.swift in Sources */ = {isa = PBXBuildFile; fileRef = 1A9346ED2A1C9C2600FE0F2B /* UIView+Extension.swift */; };
		1A9346F02A1C9CC300FE0F2B /* OnboardingSlide.swift in Sources */ = {isa = PBXBuildFile; fileRef = 1A9346EF2A1C9CC300FE0F2B /* OnboardingSlide.swift */; };
		1A9346F22A1C9FBB00FE0F2B /* OnboardingCollectionViewCell.swift in Sources */ = {isa = PBXBuildFile; fileRef = 1A9346F12A1C9FBB00FE0F2B /* OnboardingCollectionViewCell.swift */; };
		1A9346F62A1CADD700FE0F2B /* WelcomeViewController.swift in Sources */ = {isa = PBXBuildFile; fileRef = 1A9346F52A1CADD700FE0F2B /* WelcomeViewController.swift */; };
		1ADBBA732A1CF8A500513AF7 /* Poppins-Medium.ttf in Resources */ = {isa = PBXBuildFile; fileRef = 1ADBBA6D2A1CF8A500513AF7 /* Poppins-Medium.ttf */; };
		1ADBBA742A1CF8A500513AF7 /* Poppins-Regular.ttf in Resources */ = {isa = PBXBuildFile; fileRef = 1ADBBA6E2A1CF8A500513AF7 /* Poppins-Regular.ttf */; };
		1ADBBA752A1CF8A500513AF7 /* Poppins-Bold.ttf in Resources */ = {isa = PBXBuildFile; fileRef = 1ADBBA6F2A1CF8A500513AF7 /* Poppins-Bold.ttf */; };
		1ADBBA762A1CF8A500513AF7 /* Poppins-SemiBold.ttf in Resources */ = {isa = PBXBuildFile; fileRef = 1ADBBA702A1CF8A500513AF7 /* Poppins-SemiBold.ttf */; };
		1ADBBA772A1CF8A500513AF7 /* Montserrat-Bold.ttf in Resources */ = {isa = PBXBuildFile; fileRef = 1ADBBA722A1CF8A500513AF7 /* Montserrat-Bold.ttf */; };
		1ADBBA792A1CFD1B00513AF7 /* Core.swift in Sources */ = {isa = PBXBuildFile; fileRef = 1ADBBA782A1CFD1B00513AF7 /* Core.swift */; };
		1ADBBA7B2A1D044C00513AF7 /* SignInViewController.swift in Sources */ = {isa = PBXBuildFile; fileRef = 1ADBBA7A2A1D044C00513AF7 /* SignInViewController.swift */; };
		1ADBBA7D2A1D045D00513AF7 /* SignUpViewController.swift in Sources */ = {isa = PBXBuildFile; fileRef = 1ADBBA7C2A1D045D00513AF7 /* SignUpViewController.swift */; };
/* End PBXBuildFile section */

/* Begin PBXFileReference section */
		1A22E1712A1B6FA40068EE92 /* Dastur.app */ = {isa = PBXFileReference; explicitFileType = wrapper.application; includeInIndex = 0; path = Dastur.app; sourceTree = BUILT_PRODUCTS_DIR; };
		1A22E1742A1B6FA40068EE92 /* AppDelegate.swift */ = {isa = PBXFileReference; lastKnownFileType = sourcecode.swift; path = AppDelegate.swift; sourceTree = "<group>"; };
		1A22E1762A1B6FA40068EE92 /* SceneDelegate.swift */ = {isa = PBXFileReference; lastKnownFileType = sourcecode.swift; path = SceneDelegate.swift; sourceTree = "<group>"; };
		1A22E17B2A1B6FA40068EE92 /* Base */ = {isa = PBXFileReference; lastKnownFileType = file.storyboard; name = Base; path = Base.lproj/Main.storyboard; sourceTree = "<group>"; };
		1A22E17D2A1B6FA50068EE92 /* Assets.xcassets */ = {isa = PBXFileReference; lastKnownFileType = folder.assetcatalog; path = Assets.xcassets; sourceTree = "<group>"; };
		1A22E1802A1B6FA50068EE92 /* Base */ = {isa = PBXFileReference; lastKnownFileType = file.storyboard; name = Base; path = Base.lproj/LaunchScreen.storyboard; sourceTree = "<group>"; };
		1A22E1822A1B6FA50068EE92 /* Info.plist */ = {isa = PBXFileReference; lastKnownFileType = text.plist.xml; path = Info.plist; sourceTree = "<group>"; };
		1A9346E82A1C98E400FE0F2B /* OnboardingViewController.swift */ = {isa = PBXFileReference; lastKnownFileType = sourcecode.swift; path = OnboardingViewController.swift; sourceTree = "<group>"; };
		1A9346ED2A1C9C2600FE0F2B /* UIView+Extension.swift */ = {isa = PBXFileReference; lastKnownFileType = sourcecode.swift; path = "UIView+Extension.swift"; sourceTree = "<group>"; };
		1A9346EF2A1C9CC300FE0F2B /* OnboardingSlide.swift */ = {isa = PBXFileReference; lastKnownFileType = sourcecode.swift; path = OnboardingSlide.swift; sourceTree = "<group>"; };
		1A9346F12A1C9FBB00FE0F2B /* OnboardingCollectionViewCell.swift */ = {isa = PBXFileReference; lastKnownFileType = sourcecode.swift; path = OnboardingCollectionViewCell.swift; sourceTree = "<group>"; };
		1A9346F52A1CADD700FE0F2B /* WelcomeViewController.swift */ = {isa = PBXFileReference; lastKnownFileType = sourcecode.swift; path = WelcomeViewController.swift; sourceTree = "<group>"; };
		1ADBBA6D2A1CF8A500513AF7 /* Poppins-Medium.ttf */ = {isa = PBXFileReference; lastKnownFileType = file; path = "Poppins-Medium.ttf"; sourceTree = "<group>"; };
		1ADBBA6E2A1CF8A500513AF7 /* Poppins-Regular.ttf */ = {isa = PBXFileReference; lastKnownFileType = file; path = "Poppins-Regular.ttf"; sourceTree = "<group>"; };
		1ADBBA6F2A1CF8A500513AF7 /* Poppins-Bold.ttf */ = {isa = PBXFileReference; lastKnownFileType = file; path = "Poppins-Bold.ttf"; sourceTree = "<group>"; };
		1ADBBA702A1CF8A500513AF7 /* Poppins-SemiBold.ttf */ = {isa = PBXFileReference; lastKnownFileType = file; path = "Poppins-SemiBold.ttf"; sourceTree = "<group>"; };
		1ADBBA722A1CF8A500513AF7 /* Montserrat-Bold.ttf */ = {isa = PBXFileReference; lastKnownFileType = file; path = "Montserrat-Bold.ttf"; sourceTree = "<group>"; };
		1ADBBA782A1CFD1B00513AF7 /* Core.swift */ = {isa = PBXFileReference; lastKnownFileType = sourcecode.swift; path = Core.swift; sourceTree = "<group>"; };
		1ADBBA7A2A1D044C00513AF7 /* SignInViewController.swift */ = {isa = PBXFileReference; lastKnownFileType = sourcecode.swift; path = SignInViewController.swift; sourceTree = "<group>"; };
		1ADBBA7C2A1D045D00513AF7 /* SignUpViewController.swift */ = {isa = PBXFileReference; lastKnownFileType = sourcecode.swift; path = SignUpViewController.swift; sourceTree = "<group>"; };
/* End PBXFileReference section */

/* Begin PBXFrameworksBuildPhase section */
		1A22E16E2A1B6FA40068EE92 /* Frameworks */ = {
			isa = PBXFrameworksBuildPhase;
			buildActionMask = 2147483647;
			files = (
			);
			runOnlyForDeploymentPostprocessing = 0;
		};
/* End PBXFrameworksBuildPhase section */

/* Begin PBXGroup section */
		1A22E1682A1B6FA40068EE92 = {
			isa = PBXGroup;
			children = (
				1A22E1732A1B6FA40068EE92 /* Dastur */,
				1A22E1722A1B6FA40068EE92 /* Products */,
			);
			sourceTree = "<group>";
		};
		1A22E1722A1B6FA40068EE92 /* Products */ = {
			isa = PBXGroup;
			children = (
				1A22E1712A1B6FA40068EE92 /* Dastur.app */,
			);
			name = Products;
			sourceTree = "<group>";
		};
		1A22E1732A1B6FA40068EE92 /* Dastur */ = {
			isa = PBXGroup;
			children = (
				1A9346EA2A1C9BE100FE0F2B /* Utilities */,
				1A22E18D2A1B7CE90068EE92 /* Managers */,
				1A22E1882A1B7CB10068EE92 /* Resources */,
				1A22E1892A1B7CC90068EE92 /* Models */,
				1A22E18B2A1B7CD50068EE92 /* Views */,
				1A22E18A2A1B7CCF0068EE92 /* ViewModels */,
				1A22E18C2A1B7CDA0068EE92 /* Controllers */,
				1A22E17D2A1B6FA50068EE92 /* Assets.xcassets */,
				1A22E1822A1B6FA50068EE92 /* Info.plist */,
			);
			path = Dastur;
			sourceTree = "<group>";
		};
		1A22E1882A1B7CB10068EE92 /* Resources */ = {
			isa = PBXGroup;
			children = (
				1A22E1742A1B6FA40068EE92 /* AppDelegate.swift */,
				1A22E1762A1B6FA40068EE92 /* SceneDelegate.swift */,
			);
			path = Resources;
			sourceTree = "<group>";
		};
		1A22E1892A1B7CC90068EE92 /* Models */ = {
			isa = PBXGroup;
			children = (
				1A9346EF2A1C9CC300FE0F2B /* OnboardingSlide.swift */,
			);
			path = Models;
			sourceTree = "<group>";
		};
		1A22E18A2A1B7CCF0068EE92 /* ViewModels */ = {
			isa = PBXGroup;
			children = (
			);
			path = ViewModels;
			sourceTree = "<group>";
		};
		1A22E18B2A1B7CD50068EE92 /* Views */ = {
			isa = PBXGroup;
			children = (
				1A9346E72A1C98C600FE0F2B /* Onboarding */,
				1A22E18E2A1B7CFD0068EE92 /* Storyboards */,
			);
			path = Views;
			sourceTree = "<group>";
		};
		1A22E18C2A1B7CDA0068EE92 /* Controllers */ = {
			isa = PBXGroup;
			children = (
				1A9346E42A1C985A00FE0F2B /* Auth */,
				1A22E1902A1B7E4E0068EE92 /* General */,
				1A22E18F2A1B7E450068EE92 /* Core */,
			);
			path = Controllers;
			sourceTree = "<group>";
		};
		1A22E18D2A1B7CE90068EE92 /* Managers */ = {
			isa = PBXGroup;
			children = (
			);
			path = Managers;
			sourceTree = "<group>";
		};
		1A22E18E2A1B7CFD0068EE92 /* Storyboards */ = {
			isa = PBXGroup;
			children = (
				1A22E17A2A1B6FA40068EE92 /* Main.storyboard */,
				1A22E17F2A1B6FA50068EE92 /* LaunchScreen.storyboard */,
			);
			path = Storyboards;
			sourceTree = "<group>";
		};
		1A22E18F2A1B7E450068EE92 /* Core */ = {
			isa = PBXGroup;
			children = (
			);
			path = Core;
			sourceTree = "<group>";
		};
		1A22E1902A1B7E4E0068EE92 /* General */ = {
			isa = PBXGroup;
			children = (
			);
			path = General;
			sourceTree = "<group>";
		};
		1A9346E42A1C985A00FE0F2B /* Auth */ = {
			isa = PBXGroup;
			children = (
				1A9346F52A1CADD700FE0F2B /* WelcomeViewController.swift */,
				1ADBBA7A2A1D044C00513AF7 /* SignInViewController.swift */,
				1ADBBA7C2A1D045D00513AF7 /* SignUpViewController.swift */,
			);
			path = Auth;
			sourceTree = "<group>";
		};
		1A9346E72A1C98C600FE0F2B /* Onboarding */ = {
			isa = PBXGroup;
			children = (
				1A9346E82A1C98E400FE0F2B /* OnboardingViewController.swift */,
				1A9346F12A1C9FBB00FE0F2B /* OnboardingCollectionViewCell.swift */,
			);
			path = Onboarding;
			sourceTree = "<group>";
		};
		1A9346EA2A1C9BE100FE0F2B /* Utilities */ = {
			isa = PBXGroup;
			children = (
				1ADBBA6B2A1CF8A500513AF7 /* Fonts */,
				1A9346ED2A1C9C2600FE0F2B /* UIView+Extension.swift */,
				1ADBBA782A1CFD1B00513AF7 /* Core.swift */,
			);
			path = Utilities;
			sourceTree = "<group>";
		};
		1ADBBA6B2A1CF8A500513AF7 /* Fonts */ = {
			isa = PBXGroup;
			children = (
				1ADBBA6C2A1CF8A500513AF7 /* Poppins */,
				1ADBBA712A1CF8A500513AF7 /* Monserrat */,
			);
			path = Fonts;
			sourceTree = "<group>";
		};
		1ADBBA6C2A1CF8A500513AF7 /* Poppins */ = {
			isa = PBXGroup;
			children = (
				1ADBBA6D2A1CF8A500513AF7 /* Poppins-Medium.ttf */,
				1ADBBA6E2A1CF8A500513AF7 /* Poppins-Regular.ttf */,
				1ADBBA6F2A1CF8A500513AF7 /* Poppins-Bold.ttf */,
				1ADBBA702A1CF8A500513AF7 /* Poppins-SemiBold.ttf */,
			);
			path = Poppins;
			sourceTree = "<group>";
		};
		1ADBBA712A1CF8A500513AF7 /* Monserrat */ = {
			isa = PBXGroup;
			children = (
				1ADBBA722A1CF8A500513AF7 /* Montserrat-Bold.ttf */,
			);
			path = Monserrat;
			sourceTree = "<group>";
		};
/* End PBXGroup section */

/* Begin PBXNativeTarget section */
		1A22E1702A1B6FA40068EE92 /* Dastur */ = {
			isa = PBXNativeTarget;
			buildConfigurationList = 1A22E1852A1B6FA50068EE92 /* Build configuration list for PBXNativeTarget "Dastur" */;
			buildPhases = (
				1A22E16D2A1B6FA40068EE92 /* Sources */,
				1A22E16E2A1B6FA40068EE92 /* Frameworks */,
				1A22E16F2A1B6FA40068EE92 /* Resources */,
			);
			buildRules = (
			);
			dependencies = (
			);
			name = Dastur;
			productName = Dastur;
			productReference = 1A22E1712A1B6FA40068EE92 /* Dastur.app */;
			productType = "com.apple.product-type.application";
		};
/* End PBXNativeTarget section */

/* Begin PBXProject section */
		1A22E1692A1B6FA40068EE92 /* Project object */ = {
			isa = PBXProject;
			attributes = {
				BuildIndependentTargetsInParallel = 1;
				LastSwiftUpdateCheck = 1430;
				LastUpgradeCheck = 1430;
				TargetAttributes = {
					1A22E1702A1B6FA40068EE92 = {
						CreatedOnToolsVersion = 14.3;
					};
				};
			};
			buildConfigurationList = 1A22E16C2A1B6FA40068EE92 /* Build configuration list for PBXProject "Dastur" */;
			compatibilityVersion = "Xcode 14.0";
			developmentRegion = en;
			hasScannedForEncodings = 0;
			knownRegions = (
				en,
				Base,
			);
			mainGroup = 1A22E1682A1B6FA40068EE92;
			productRefGroup = 1A22E1722A1B6FA40068EE92 /* Products */;
			projectDirPath = "";
			projectRoot = "";
			targets = (
				1A22E1702A1B6FA40068EE92 /* Dastur */,
			);
		};
/* End PBXProject section */

/* Begin PBXResourcesBuildPhase section */
		1A22E16F2A1B6FA40068EE92 /* Resources */ = {
			isa = PBXResourcesBuildPhase;
			buildActionMask = 2147483647;
			files = (
				1A22E1812A1B6FA50068EE92 /* LaunchScreen.storyboard in Resources */,
				1ADBBA762A1CF8A500513AF7 /* Poppins-SemiBold.ttf in Resources */,
				1ADBBA752A1CF8A500513AF7 /* Poppins-Bold.ttf in Resources */,
				1ADBBA732A1CF8A500513AF7 /* Poppins-Medium.ttf in Resources */,
				1ADBBA772A1CF8A500513AF7 /* Montserrat-Bold.ttf in Resources */,
				1A22E17E2A1B6FA50068EE92 /* Assets.xcassets in Resources */,
				1A22E17C2A1B6FA40068EE92 /* Main.storyboard in Resources */,
				1ADBBA742A1CF8A500513AF7 /* Poppins-Regular.ttf in Resources */,
			);
			runOnlyForDeploymentPostprocessing = 0;
		};
/* End PBXResourcesBuildPhase section */

/* Begin PBXSourcesBuildPhase section */
		1A22E16D2A1B6FA40068EE92 /* Sources */ = {
			isa = PBXSourcesBuildPhase;
			buildActionMask = 2147483647;
			files = (
				1A22E1752A1B6FA40068EE92 /* AppDelegate.swift in Sources */,
				1A22E1772A1B6FA40068EE92 /* SceneDelegate.swift in Sources */,
				1A9346EE2A1C9C2600FE0F2B /* UIView+Extension.swift in Sources */,
				1A9346F02A1C9CC300FE0F2B /* OnboardingSlide.swift in Sources */,
				1ADBBA7D2A1D045D00513AF7 /* SignUpViewController.swift in Sources */,
				1A9346F22A1C9FBB00FE0F2B /* OnboardingCollectionViewCell.swift in Sources */,
				1ADBBA7B2A1D044C00513AF7 /* SignInViewController.swift in Sources */,
				1A9346E92A1C98E400FE0F2B /* OnboardingViewController.swift in Sources */,
				1ADBBA792A1CFD1B00513AF7 /* Core.swift in Sources */,
				1A9346F62A1CADD700FE0F2B /* WelcomeViewController.swift in Sources */,
			);
			runOnlyForDeploymentPostprocessing = 0;
		};
/* End PBXSourcesBuildPhase section */

/* Begin PBXVariantGroup section */
		1A22E17A2A1B6FA40068EE92 /* Main.storyboard */ = {
			isa = PBXVariantGroup;
			children = (
				1A22E17B2A1B6FA40068EE92 /* Base */,
			);
			name = Main.storyboard;
			sourceTree = "<group>";
		};
		1A22E17F2A1B6FA50068EE92 /* LaunchScreen.storyboard */ = {
			isa = PBXVariantGroup;
			children = (
				1A22E1802A1B6FA50068EE92 /* Base */,
			);
			name = LaunchScreen.storyboard;
			sourceTree = "<group>";
		};
/* End PBXVariantGroup section */

/* Begin XCBuildConfiguration section */
		1A22E1832A1B6FA50068EE92 /* Debug */ = {
			isa = XCBuildConfiguration;
			buildSettings = {
				ALWAYS_SEARCH_USER_PATHS = NO;
				CLANG_ANALYZER_NONNULL = YES;
				CLANG_ANALYZER_NUMBER_OBJECT_CONVERSION = YES_AGGRESSIVE;
				CLANG_CXX_LANGUAGE_STANDARD = "gnu++20";
				CLANG_ENABLE_MODULES = YES;
				CLANG_ENABLE_OBJC_ARC = YES;
				CLANG_ENABLE_OBJC_WEAK = YES;
				CLANG_WARN_BLOCK_CAPTURE_AUTORELEASING = YES;
				CLANG_WARN_BOOL_CONVERSION = YES;
				CLANG_WARN_COMMA = YES;
				CLANG_WARN_CONSTANT_CONVERSION = YES;
				CLANG_WARN_DEPRECATED_OBJC_IMPLEMENTATIONS = YES;
				CLANG_WARN_DIRECT_OBJC_ISA_USAGE = YES_ERROR;
				CLANG_WARN_DOCUMENTATION_COMMENTS = YES;
				CLANG_WARN_EMPTY_BODY = YES;
				CLANG_WARN_ENUM_CONVERSION = YES;
				CLANG_WARN_INFINITE_RECURSION = YES;
				CLANG_WARN_INT_CONVERSION = YES;
				CLANG_WARN_NON_LITERAL_NULL_CONVERSION = YES;
				CLANG_WARN_OBJC_IMPLICIT_RETAIN_SELF = YES;
				CLANG_WARN_OBJC_LITERAL_CONVERSION = YES;
				CLANG_WARN_OBJC_ROOT_CLASS = YES_ERROR;
				CLANG_WARN_QUOTED_INCLUDE_IN_FRAMEWORK_HEADER = YES;
				CLANG_WARN_RANGE_LOOP_ANALYSIS = YES;
				CLANG_WARN_STRICT_PROTOTYPES = YES;
				CLANG_WARN_SUSPICIOUS_MOVE = YES;
				CLANG_WARN_UNGUARDED_AVAILABILITY = YES_AGGRESSIVE;
				CLANG_WARN_UNREACHABLE_CODE = YES;
				CLANG_WARN__DUPLICATE_METHOD_MATCH = YES;
				COPY_PHASE_STRIP = NO;
				DEBUG_INFORMATION_FORMAT = dwarf;
				ENABLE_STRICT_OBJC_MSGSEND = YES;
				ENABLE_TESTABILITY = YES;
				GCC_C_LANGUAGE_STANDARD = gnu11;
				GCC_DYNAMIC_NO_PIC = NO;
				GCC_NO_COMMON_BLOCKS = YES;
				GCC_OPTIMIZATION_LEVEL = 0;
				GCC_PREPROCESSOR_DEFINITIONS = (
					"DEBUG=1",
					"$(inherited)",
				);
				GCC_WARN_64_TO_32_BIT_CONVERSION = YES;
				GCC_WARN_ABOUT_RETURN_TYPE = YES_ERROR;
				GCC_WARN_UNDECLARED_SELECTOR = YES;
				GCC_WARN_UNINITIALIZED_AUTOS = YES_AGGRESSIVE;
				GCC_WARN_UNUSED_FUNCTION = YES;
				GCC_WARN_UNUSED_VARIABLE = YES;
				IPHONEOS_DEPLOYMENT_TARGET = 16.4;
				MTL_ENABLE_DEBUG_INFO = INCLUDE_SOURCE;
				MTL_FAST_MATH = YES;
				ONLY_ACTIVE_ARCH = YES;
				SDKROOT = iphoneos;
				SWIFT_ACTIVE_COMPILATION_CONDITIONS = DEBUG;
				SWIFT_OPTIMIZATION_LEVEL = "-Onone";
			};
			name = Debug;
		};
		1A22E1842A1B6FA50068EE92 /* Release */ = {
			isa = XCBuildConfiguration;
			buildSettings = {
				ALWAYS_SEARCH_USER_PATHS = NO;
				CLANG_ANALYZER_NONNULL = YES;
				CLANG_ANALYZER_NUMBER_OBJECT_CONVERSION = YES_AGGRESSIVE;
				CLANG_CXX_LANGUAGE_STANDARD = "gnu++20";
				CLANG_ENABLE_MODULES = YES;
				CLANG_ENABLE_OBJC_ARC = YES;
				CLANG_ENABLE_OBJC_WEAK = YES;
				CLANG_WARN_BLOCK_CAPTURE_AUTORELEASING = YES;
				CLANG_WARN_BOOL_CONVERSION = YES;
				CLANG_WARN_COMMA = YES;
				CLANG_WARN_CONSTANT_CONVERSION = YES;
				CLANG_WARN_DEPRECATED_OBJC_IMPLEMENTATIONS = YES;
				CLANG_WARN_DIRECT_OBJC_ISA_USAGE = YES_ERROR;
				CLANG_WARN_DOCUMENTATION_COMMENTS = YES;
				CLANG_WARN_EMPTY_BODY = YES;
				CLANG_WARN_ENUM_CONVERSION = YES;
				CLANG_WARN_INFINITE_RECURSION = YES;
				CLANG_WARN_INT_CONVERSION = YES;
				CLANG_WARN_NON_LITERAL_NULL_CONVERSION = YES;
				CLANG_WARN_OBJC_IMPLICIT_RETAIN_SELF = YES;
				CLANG_WARN_OBJC_LITERAL_CONVERSION = YES;
				CLANG_WARN_OBJC_ROOT_CLASS = YES_ERROR;
				CLANG_WARN_QUOTED_INCLUDE_IN_FRAMEWORK_HEADER = YES;
				CLANG_WARN_RANGE_LOOP_ANALYSIS = YES;
				CLANG_WARN_STRICT_PROTOTYPES = YES;
				CLANG_WARN_SUSPICIOUS_MOVE = YES;
				CLANG_WARN_UNGUARDED_AVAILABILITY = YES_AGGRESSIVE;
				CLANG_WARN_UNREACHABLE_CODE = YES;
				CLANG_WARN__DUPLICATE_METHOD_MATCH = YES;
				COPY_PHASE_STRIP = NO;
				DEBUG_INFORMATION_FORMAT = "dwarf-with-dsym";
				ENABLE_NS_ASSERTIONS = NO;
				ENABLE_STRICT_OBJC_MSGSEND = YES;
				GCC_C_LANGUAGE_STANDARD = gnu11;
				GCC_NO_COMMON_BLOCKS = YES;
				GCC_WARN_64_TO_32_BIT_CONVERSION = YES;
				GCC_WARN_ABOUT_RETURN_TYPE = YES_ERROR;
				GCC_WARN_UNDECLARED_SELECTOR = YES;
				GCC_WARN_UNINITIALIZED_AUTOS = YES_AGGRESSIVE;
				GCC_WARN_UNUSED_FUNCTION = YES;
				GCC_WARN_UNUSED_VARIABLE = YES;
				IPHONEOS_DEPLOYMENT_TARGET = 16.4;
				MTL_ENABLE_DEBUG_INFO = NO;
				MTL_FAST_MATH = YES;
				SDKROOT = iphoneos;
				SWIFT_COMPILATION_MODE = wholemodule;
				SWIFT_OPTIMIZATION_LEVEL = "-O";
				VALIDATE_PRODUCT = YES;
			};
			name = Release;
		};
		1A22E1862A1B6FA50068EE92 /* Debug */ = {
			isa = XCBuildConfiguration;
			buildSettings = {
				ASSETCATALOG_COMPILER_APPICON_NAME = AppIcon;
				ASSETCATALOG_COMPILER_GLOBAL_ACCENT_COLOR_NAME = AccentColor;
				CODE_SIGN_STYLE = Automatic;
				CURRENT_PROJECT_VERSION = 1;
				DEVELOPMENT_TEAM = VNLQ437778;
				GENERATE_INFOPLIST_FILE = YES;
				INFOPLIST_FILE = Dastur/Info.plist;
				INFOPLIST_KEY_UIApplicationSupportsIndirectInputEvents = YES;
				INFOPLIST_KEY_UILaunchStoryboardName = LaunchScreen;
				INFOPLIST_KEY_UIMainStoryboardFile = Main;
				INFOPLIST_KEY_UISupportedInterfaceOrientations_iPad = "UIInterfaceOrientationPortrait UIInterfaceOrientationPortraitUpsideDown UIInterfaceOrientationLandscapeLeft UIInterfaceOrientationLandscapeRight";
				INFOPLIST_KEY_UISupportedInterfaceOrientations_iPhone = "UIInterfaceOrientationPortrait UIInterfaceOrientationLandscapeLeft UIInterfaceOrientationLandscapeRight";
				LD_RUNPATH_SEARCH_PATHS = (
					"$(inherited)",
					"@executable_path/Frameworks",
				);
				MARKETING_VERSION = 1.0;
				PRODUCT_BUNDLE_IDENTIFIER = com.kalnazar.Dastur;
				PRODUCT_NAME = "$(TARGET_NAME)";
				SWIFT_EMIT_LOC_STRINGS = YES;
				SWIFT_VERSION = 5.0;
				TARGETED_DEVICE_FAMILY = "1,2";
			};
			name = Debug;
		};
		1A22E1872A1B6FA50068EE92 /* Release */ = {
			isa = XCBuildConfiguration;
			buildSettings = {
				ASSETCATALOG_COMPILER_APPICON_NAME = AppIcon;
				ASSETCATALOG_COMPILER_GLOBAL_ACCENT_COLOR_NAME = AccentColor;
				CODE_SIGN_STYLE = Automatic;
				CURRENT_PROJECT_VERSION = 1;
				DEVELOPMENT_TEAM = VNLQ437778;
				GENERATE_INFOPLIST_FILE = YES;
				INFOPLIST_FILE = Dastur/Info.plist;
				INFOPLIST_KEY_UIApplicationSupportsIndirectInputEvents = YES;
				INFOPLIST_KEY_UILaunchStoryboardName = LaunchScreen;
				INFOPLIST_KEY_UIMainStoryboardFile = Main;
				INFOPLIST_KEY_UISupportedInterfaceOrientations_iPad = "UIInterfaceOrientationPortrait UIInterfaceOrientationPortraitUpsideDown UIInterfaceOrientationLandscapeLeft UIInterfaceOrientationLandscapeRight";
				INFOPLIST_KEY_UISupportedInterfaceOrientations_iPhone = "UIInterfaceOrientationPortrait UIInterfaceOrientationLandscapeLeft UIInterfaceOrientationLandscapeRight";
				LD_RUNPATH_SEARCH_PATHS = (
					"$(inherited)",
					"@executable_path/Frameworks",
				);
				MARKETING_VERSION = 1.0;
				PRODUCT_BUNDLE_IDENTIFIER = com.kalnazar.Dastur;
				PRODUCT_NAME = "$(TARGET_NAME)";
				SWIFT_EMIT_LOC_STRINGS = YES;
				SWIFT_VERSION = 5.0;
				TARGETED_DEVICE_FAMILY = "1,2";
			};
			name = Release;
		};
/* End XCBuildConfiguration section */

/* Begin XCConfigurationList section */
		1A22E16C2A1B6FA40068EE92 /* Build configuration list for PBXProject "Dastur" */ = {
			isa = XCConfigurationList;
			buildConfigurations = (
				1A22E1832A1B6FA50068EE92 /* Debug */,
				1A22E1842A1B6FA50068EE92 /* Release */,
			);
			defaultConfigurationIsVisible = 0;
			defaultConfigurationName = Release;
		};
		1A22E1852A1B6FA50068EE92 /* Build configuration list for PBXNativeTarget "Dastur" */ = {
			isa = XCConfigurationList;
			buildConfigurations = (
				1A22E1862A1B6FA50068EE92 /* Debug */,
				1A22E1872A1B6FA50068EE92 /* Release */,
			);
			defaultConfigurationIsVisible = 0;
			defaultConfigurationName = Release;
		};
/* End XCConfigurationList section */
	};
	rootObject = 1A22E1692A1B6FA40068EE92 /* Project object */;
}
